{
  "name": "ajs_3-test",
  "version": "1.0.0",
  "lockfileVersion": 2,
  "requires": true,
  "packages": {
    "": {
      "name": "ajs_3-test",
      "version": "1.0.0",
      "license": "ISC",
      "dependencies": {
        "@vladimskov/ajs_3": "^1.0.0"
      }
    },
    "node_modules/@vladimskov/ajs_3": {
      "version": "1.0.0",
      "resolved": "https://npm.pkg.github.com/download/@vladimskov/ajs_3/1.0.0/1e12f30dbdb2e48db7168b5a22c63b91496e1e2613a602c46d187a7c20debacf",
      "integrity": "sha512-9OEEpid9Ohtuso/rS5drMQ/Mfd9BL0O//2m4ZG6sbs7Hk6yYS+w/wtYqvXOZ4EZ7NX4dGOab3fnty/pUAQd6cg==",
      "license": "ISC"
    }
  },
  "dependencies": {
    "@vladimskov/ajs_3": {
      "version": "1.0.0",
      "resolved": "https://npm.pkg.github.com/download/@vladimskov/ajs_3/1.0.0/1e12f30dbdb2e48db7168b5a22c63b91496e1e2613a602c46d187a7c20debacf",
      "integrity": "sha512-9OEEpid9Ohtuso/rS5drMQ/Mfd9BL0O//2m4ZG6sbs7Hk6yYS+w/wtYqvXOZ4EZ7NX4dGOab3fnty/pUAQd6cg=="
    }
  }
}
